
Microsoft Visual Studio Solution File, Format Version 12.00
# Visual Studio Version 16
VisualStudioVersion = 16.0.32413.511
MinimumVisualStudioVersion = 10.0.40219.1
Project("{FAE04EC0-301F-11D3-BF4B-00C04F79EFBC}") = "venta_vehiculos_Movile.UWP", "venta_vehiculos_Movile\venta_vehiculos_Movile.UWP\venta_vehiculos_Movile.UWP.csproj", "{CD832D67-D91C-4CD5-8737-37C7E8300275}"
EndProject
Project("{FAE04EC0-301F-11D3-BF4B-00C04F79EFBC}") = "venta_vehiculos_Movile.Android", "venta_vehiculos_Movile\venta_vehiculos_Movile.Android\venta_vehiculos_Movile.Android.csproj", "{F21C1063-7C96-4E02-AD6D-3A59669EA5FB}"
EndProject
Project("{FAE04EC0-301F-11D3-BF4B-00C04F79EFBC}") = "venta_vehiculos_Movile", "venta_vehiculos_Movile\venta_vehiculos_Movile\venta_vehiculos_Movile.csproj", "{63E9C65C-9A2C-4435-ACF3-5A22F8ED0D66}"
EndProject
Global
	GlobalSection(SolutionConfigurationPlatforms) = preSolution
		Debug|Any CPU = Debug|Any CPU
		Debug|ARM = Debug|ARM
		Debug|x64 = Debug|x64
		Debug|x86 = Debug|x86
		Release|Any CPU = Release|Any CPU
		Release|ARM = Release|ARM
		Release|x64 = Release|x64
		Release|x86 = Release|x86
	EndGlobalSection
	GlobalSection(ProjectConfigurationPlatforms) = postSolution
		{CD832D67-D91C-4CD5-8737-37C7E8300275}.Debug|Any CPU.ActiveCfg = Debug|x86
		{CD832D67-D91C-4CD5-8737-37C7E8300275}.Debug|Any CPU.Build.0 = Debug|x86
		{CD832D67-D91C-4CD5-8737-37C7E8300275}.Debug|Any CPU.Deploy.0 = Debug|x86
		{CD832D67-D91C-4CD5-8737-37C7E8300275}.Debug|ARM.ActiveCfg = Debug|ARM
		{CD832D67-D91C-4CD5-8737-37C7E8300275}.Debug|ARM.Build.0 = Debug|ARM
		{CD832D67-D91C-4CD5-8737-37C7E8300275}.Debug|ARM.Deploy.0 = Debug|ARM
		{CD832D67-D91C-4CD5-8737-37C7E8300275}.Debug|x64.ActiveCfg = Debug|x64
		{CD832D67-D91C-4CD5-8737-37C7E8300275}.Debug|x64.Build.0 = Debug|x64
		{CD832D67-D91C-4CD5-8737-37C7E8300275}.Debug|x64.Deploy.0 = Debug|x64
		{CD832D67-D91C-4CD5-8737-37C7E8300275}.Debug|x86.ActiveCfg = Debug|x86
		{CD832D67-D91C-4CD5-8737-37C7E8300275}.Debug|x86.Build.0 = Debug|x86
		{CD832D67-D91C-4CD5-8737-37C7E8300275}.Debug|x86.Deploy.0 = Debug|x86
		{CD832D67-D91C-4CD5-8737-37C7E8300275}.Release|Any CPU.ActiveCfg = Release|x86
		{CD832D67-D91C-4CD5-8737-37C7E8300275}.Release|Any CPU.Build.0 = Release|x86
		{CD832D67-D91C-4CD5-8737-37C7E8300275}.Release|Any CPU.Deploy.0 = Release|x86
		{CD832D67-D91C-4CD5-8737-37C7E8300275}.Release|ARM.ActiveCfg = Release|ARM
		{CD832D67-D91C-4CD5-8737-37C7E8300275}.Release|ARM.Build.0 = Release|ARM
		{CD832D67-D91C-4CD5-8737-37C7E8300275}.Release|ARM.Deploy.0 = Release|ARM
		{CD832D67-D91C-4CD5-8737-37C7E8300275}.Release|x64.ActiveCfg = Release|x64
		{CD832D67-D91C-4CD5-8737-37C7E8300275}.Release|x64.Build.0 = Release|x64
		{CD832D67-D91C-4CD5-8737-37C7E8300275}.Release|x64.Deploy.0 = Release|x64
		{CD832D67-D91C-4CD5-8737-37C7E8300275}.Release|x86.ActiveCfg = Release|x86
		{CD832D67-D91C-4CD5-8737-37C7E8300275}.Release|x86.Build.0 = Release|x86
		{CD832D67-D91C-4CD5-8737-37C7E8300275}.Release|x86.Deploy.0 = Release|x86
		{F21C1063-7C96-4E02-AD6D-3A59669EA5FB}.Debug|Any CPU.ActiveCfg = Debug|Any CPU
		{F21C1063-7C96-4E02-AD6D-3A59669EA5FB}.Debug|Any CPU.Build.0 = Debug|Any CPU
		{F21C1063-7C96-4E02-AD6D-3A59669EA5FB}.Debug|Any CPU.Deploy.0 = Debug|Any CPU
		{F21C1063-7C96-4E02-AD6D-3A59669EA5FB}.Debug|ARM.ActiveCfg = Debug|Any CPU
		{F21C1063-7C96-4E02-AD6D-3A59669EA5FB}.Debug|ARM.Build.0 = Debug|Any CPU
		{F21C1063-7C96-4E02-AD6D-3A59669EA5FB}.Debug|ARM.Deploy.0 = Debug|Any CPU
		{F21C1063-7C96-4E02-AD6D-3A59669EA5FB}.Debug|x64.ActiveCfg = Debug|Any CPU
		{F21C1063-7C96-4E02-AD6D-3A59669EA5FB}.Debug|x64.Build.0 = Debug|Any CPU
		{F21C1063-7C96-4E02-AD6D-3A59669EA5FB}.Debug|x64.Deploy.0 = Debug|Any CPU
		{F21C1063-7C96-4E02-AD6D-3A59669EA5FB}.Debug|x86.ActiveCfg = Debug|Any CPU
		{F21C1063-7C96-4E02-AD6D-3A59669EA5FB}.Debug|x86.Build.0 = Debug|Any CPU
		{F21C1063-7C96-4E02-AD6D-3A59669EA5FB}.Debug|x86.Deploy.0 = Debug|Any CPU
		{F21C1063-7C96-4E02-AD6D-3A59669EA5FB}.Release|Any CPU.ActiveCfg = Release|Any CPU
		{F21C1063-7C96-4E02-AD6D-3A59669EA5FB}.Release|Any CPU.Build.0 = Release|Any CPU
		{F21C1063-7C96-4E02-AD6D-3A59669EA5FB}.Release|Any CPU.Deploy.0 = Release|Any CPU
		{F21C1063-7C96-4E02-AD6D-3A59669EA5FB}.Release|ARM.ActiveCfg = Release|Any CPU
		{F21C1063-7C96-4E02-AD6D-3A59669EA5FB}.Release|ARM.Build.0 = Release|Any CPU
		{F21C1063-7C96-4E02-AD6D-3A59669EA5FB}.Release|ARM.Deploy.0 = Release|Any CPU
		{F21C1063-7C96-4E02-AD6D-3A59669EA5FB}.Release|x64.ActiveCfg = Release|Any CPU
		{F21C1063-7C96-4E02-AD6D-3A59669EA5FB}.Release|x64.Build.0 = Release|Any CPU
		{F21C1063-7C96-4E02-AD6D-3A59669EA5FB}.Release|x64.Deploy.0 = Release|Any CPU
		{F21C1063-7C96-4E02-AD6D-3A59669EA5FB}.Release|x86.ActiveCfg = Release|Any CPU
		{F21C1063-7C96-4E02-AD6D-3A59669EA5FB}.Release|x86.Build.0 = Release|Any CPU
		{F21C1063-7C96-4E02-AD6D-3A59669EA5FB}.Release|x86.Deploy.0 = Release|Any CPU
		{63E9C65C-9A2C-4435-ACF3-5A22F8ED0D66}.Debug|Any CPU.ActiveCfg = Debug|Any CPU
		{63E9C65C-9A2C-4435-ACF3-5A22F8ED0D66}.Debug|Any CPU.Build.0 = Debug|Any CPU
		{63E9C65C-9A2C-4435-ACF3-5A22F8ED0D66}.Debug|Any CPU.Deploy.0 = Debug|Any CPU
		{63E9C65C-9A2C-4435-ACF3-5A22F8ED0D66}.Debug|ARM.ActiveCfg = Debug|Any CPU
		{63E9C65C-9A2C-4435-ACF3-5A22F8ED0D66}.Debug|ARM.Build.0 = Debug|Any CPU
		{63E9C65C-9A2C-4435-ACF3-5A22F8ED0D66}.Debug|ARM.Deploy.0 = Debug|Any CPU
		{63E9C65C-9A2C-4435-ACF3-5A22F8ED0D66}.Debug|x64.ActiveCfg = Debug|Any CPU
		{63E9C65C-9A2C-4435-ACF3-5A22F8ED0D66}.Debug|x64.Build.0 = Debug|Any CPU
		{63E9C65C-9A2C-4435-ACF3-5A22F8ED0D66}.Debug|x64.Deploy.0 = Debug|Any CPU
		{63E9C65C-9A2C-4435-ACF3-5A22F8ED0D66}.Debug|x86.ActiveCfg = Debug|Any CPU
		{63E9C65C-9A2C-4435-ACF3-5A22F8ED0D66}.Debug|x86.Build.0 = Debug|Any CPU
		{63E9C65C-9A2C-4435-ACF3-5A22F8ED0D66}.Debug|x86.Deploy.0 = Debug|Any CPU
		{63E9C65C-9A2C-4435-ACF3-5A22F8ED0D66}.Release|Any CPU.ActiveCfg = Release|Any CPU
		{63E9C65C-9A2C-4435-ACF3-5A22F8ED0D66}.Release|Any CPU.Build.0 = Release|Any CPU
		{63E9C65C-9A2C-4435-ACF3-5A22F8ED0D66}.Release|Any CPU.Deploy.0 = Release|Any CPU
		{63E9C65C-9A2C-4435-ACF3-5A22F8ED0D66}.Release|ARM.ActiveCfg = Release|Any CPU
		{63E9C65C-9A2C-4435-ACF3-5A22F8ED0D66}.Release|ARM.Build.0 = Release|Any CPU
		{63E9C65C-9A2C-4435-ACF3-5A22F8ED0D66}.Release|ARM.Deploy.0 = Release|Any CPU
		{63E9C65C-9A2C-4435-ACF3-5A22F8ED0D66}.Release|x64.ActiveCfg = Release|Any CPU
		{63E9C65C-9A2C-4435-ACF3-5A22F8ED0D66}.Release|x64.Build.0 = Release|Any CPU
		{63E9C65C-9A2C-4435-ACF3-5A22F8ED0D66}.Release|x64.Deploy.0 = Release|Any CPU
		{63E9C65C-9A2C-4435-ACF3-5A22F8ED0D66}.Release|x86.ActiveCfg = Release|Any CPU
		{63E9C65C-9A2C-4435-ACF3-5A22F8ED0D66}.Release|x86.Build.0 = Release|Any CPU
		{63E9C65C-9A2C-4435-ACF3-5A22F8ED0D66}.Release|x86.Deploy.0 = Release|Any CPU
	EndGlobalSection
	GlobalSection(SolutionProperties) = preSolution
		HideSolutionNode = FALSE
	EndGlobalSection
	GlobalSection(ExtensibilityGlobals) = postSolution
		SolutionGuid = {E79FB672-59DA-42D8-AB77-A97302C3B5CE}
	EndGlobalSection
EndGlobal
